
Microsoft Visual Studio Solution File, Format Version 12.00
# Visual Studio 2012
Project("{FAE04EC0-301F-11D3-BF4B-00C04F79EFBC}") = "FEAFIPPruebas", "FEAFIPPruebas\FEAFIPPruebas.csproj", "{F2F749A0-B4AB-40CF-BEA7-A04867AF4ACA}"
EndProject
Global
	GlobalSection(SolutionConfigurationPlatforms) = preSolution
		Debug|Any CPU = Debug|Any CPU
		Release|Any CPU = Release|Any CPU
	EndGlobalSection
	GlobalSection(ProjectConfigurationPlatforms) = postSolution
		{F2F749A0-B4AB-40CF-BEA7-A04867AF4ACA}.Debug|Any CPU.ActiveCfg = Debug|Any CPU
		{F2F749A0-B4AB-40CF-BEA7-A04867AF4ACA}.Debug|Any CPU.Build.0 = Debug|Any CPU
		{F2F749A0-B4AB-40CF-BEA7-A04867AF4ACA}.Release|Any CPU.ActiveCfg = Release|Any CPU
		{F2F749A0-B4AB-40CF-BEA7-A04867AF4ACA}.Release|Any CPU.Build.0 = Release|Any CPU
	EndGlobalSection
	GlobalSection(SolutionProperties) = preSolution
		HideSolutionNode = FALSE
	EndGlobalSection
EndGlobal
